
Microsoft Visual Studio Solution File, Format Version 12.00
# Visual Studio Version 17
VisualStudioVersion = 17.2.32602.215
MinimumVisualStudioVersion = 10.0.40219.1
Project("{FAE04EC0-301F-11D3-BF4B-00C04F79EFBC}") = "Practical-1", "Practical-1.csproj", "{7E508E03-3CD3-420E-8F38-618441A72D17}"
EndProject
Global
	GlobalSection(SolutionConfigurationPlatforms) = preSolution
		Debug|Any CPU = Debug|Any CPU
		Release|Any CPU = Release|Any CPU
	EndGlobalSection
	GlobalSection(ProjectConfigurationPlatforms) = postSolution
		{7E508E03-3CD3-420E-8F38-618441A72D17}.Debug|Any CPU.ActiveCfg = Debug|Any CPU
		{7E508E03-3CD3-420E-8F38-618441A72D17}.Debug|Any CPU.Build.0 = Debug|Any CPU
		{7E508E03-3CD3-420E-8F38-618441A72D17}.Release|Any CPU.ActiveCfg = Release|Any CPU
		{7E508E03-3CD3-420E-8F38-618441A72D17}.Release|Any CPU.Build.0 = Release|Any CPU
	EndGlobalSection
	GlobalSection(SolutionProperties) = preSolution
		HideSolutionNode = FALSE
	EndGlobalSection
	GlobalSection(ExtensibilityGlobals) = postSolution
		SolutionGuid = {B9640CD0-6DB7-4715-8A83-3D83A3A8CDD0}
	EndGlobalSection
EndGlobal
